
Microsoft Visual Studio Solution File, Format Version 12.00
# Visual Studio Version 16
VisualStudioVersion = 16.0.30413.136
MinimumVisualStudioVersion = 10.0.40219.1
Project("{9A19103F-16F7-4668-BE54-9A1E7A4F7556}") = "Intwenty.DataClient", "Intwenty.DataClient\Intwenty.DataClient.csproj", "{DFC7F44D-DEB1-40C9-AC2C-AEE3968A9722}"
EndProject
Project("{FAE04EC0-301F-11D3-BF4B-00C04F79EFBC}") = "DataClientTests", "DataClientTests\DataClientTests.csproj", "{C87D700C-92C8-43F0-8D11-1843926FE46F}"
EndProject
Global
	GlobalSection(SolutionConfigurationPlatforms) = preSolution
		Debug|Any CPU = Debug|Any CPU
		Release|Any CPU = Release|Any CPU
	EndGlobalSection
	GlobalSection(ProjectConfigurationPlatforms) = postSolution
		{DFC7F44D-DEB1-40C9-AC2C-AEE3968A9722}.Debug|Any CPU.ActiveCfg = Debug|Any CPU
		{DFC7F44D-DEB1-40C9-AC2C-AEE3968A9722}.Debug|Any CPU.Build.0 = Debug|Any CPU
		{DFC7F44D-DEB1-40C9-AC2C-AEE3968A9722}.Release|Any CPU.ActiveCfg = Release|Any CPU
		{DFC7F44D-DEB1-40C9-AC2C-AEE3968A9722}.Release|Any CPU.Build.0 = Release|Any CPU
		{C87D700C-92C8-43F0-8D11-1843926FE46F}.Debug|Any CPU.ActiveCfg = Debug|Any CPU
		{C87D700C-92C8-43F0-8D11-1843926FE46F}.Debug|Any CPU.Build.0 = Debug|Any CPU
		{C87D700C-92C8-43F0-8D11-1843926FE46F}.Release|Any CPU.ActiveCfg = Release|Any CPU
		{C87D700C-92C8-43F0-8D11-1843926FE46F}.Release|Any CPU.Build.0 = Release|Any CPU
	EndGlobalSection
	GlobalSection(SolutionProperties) = preSolution
		HideSolutionNode = FALSE
	EndGlobalSection
	GlobalSection(ExtensibilityGlobals) = postSolution
		SolutionGuid = {C0DFD078-C5A4-4B91-9F8A-C218BF225F0D}
	EndGlobalSection
EndGlobal
